// !$*UTF8*$!
{
	archiveVersion = 1;
	classes = {
	};
	objectVersion = 50;
	objects = {

/* Begin PBXBuildFile section */
		4980712724F7B6BC001E76A0 /* AppDelegate.swift in Sources */ = {isa = PBXBuildFile; fileRef = 4980712624F7B6BC001E76A0 /* AppDelegate.swift */; };
		4980712924F7B6BC001E76A0 /* SceneDelegate.swift in Sources */ = {isa = PBXBuildFile; fileRef = 4980712824F7B6BC001E76A0 /* SceneDelegate.swift */; };
		4980712B24F7B6BC001E76A0 /* ViewController.swift in Sources */ = {isa = PBXBuildFile; fileRef = 4980712A24F7B6BC001E76A0 /* ViewController.swift */; };
		4980712E24F7B6BC001E76A0 /* Main.storyboard in Resources */ = {isa = PBXBuildFile; fileRef = 4980712C24F7B6BC001E76A0 /* Main.storyboard */; };
		4980713024F7B6BD001E76A0 /* Assets.xcassets in Resources */ = {isa = PBXBuildFile; fileRef = 4980712F24F7B6BD001E76A0 /* Assets.xcassets */; };
		4980713324F7B6BD001E76A0 /* LaunchScreen.storyboard in Resources */ = {isa = PBXBuildFile; fileRef = 4980713124F7B6BD001E76A0 /* LaunchScreen.storyboard */; };
/* End PBXBuildFile section */

/* Begin PBXFileReference section */
		4980712324F7B6BC001E76A0 /* CustomLoginDemo.app */ = {isa = PBXFileReference; explicitFileType = wrapper.application; includeInIndex = 0; path = CustomLoginDemo.app; sourceTree = BUILT_PRODUCTS_DIR; };
		4980712624F7B6BC001E76A0 /* AppDelegate.swift */ = {isa = PBXFileReference; lastKnownFileType = sourcecode.swift; path = AppDelegate.swift; sourceTree = "<group>"; };
		4980712824F7B6BC001E76A0 /* SceneDelegate.swift */ = {isa = PBXFileReference; lastKnownFileType = sourcecode.swift; path = SceneDelegate.swift; sourceTree = "<group>"; };
		4980712A24F7B6BC001E76A0 /* ViewController.swift */ = {isa = PBXFileReference; lastKnownFileType = sourcecode.swift; path = ViewController.swift; sourceTree = "<group>"; };
		4980712D24F7B6BC001E76A0 /* Base */ = {isa = PBXFileReference; lastKnownFileType = file.storyboard; name = Base; path = Base.lproj/Main.storyboard; sourceTree = "<group>"; };
		4980712F24F7B6BD001E76A0 /* Assets.xcassets */ = {isa = PBXFileReference; lastKnownFileType = folder.assetcatalog; path = Assets.xcassets; sourceTree = "<group>"; };
		4980713224F7B6BD001E76A0 /* Base */ = {isa = PBXFileReference; lastKnownFileType = file.storyboard; name = Base; path = Base.lproj/LaunchScreen.storyboard; sourceTree = "<group>"; };
		4980713424F7B6BD001E76A0 /* Info.plist */ = {isa = PBXFileReference; lastKnownFileType = text.plist.xml; path = Info.plist; sourceTree = "<group>"; };
/* End PBXFileReference section */

/* Begin PBXFrameworksBuildPhase section */
		4980712024F7B6BC001E76A0 /* Frameworks */ = {
			isa = PBXFrameworksBuildPhase;
			buildActionMask = 2147483647;
			files = (
			);
			runOnlyForDeploymentPostprocessing = 0;
		};
/* End PBXFrameworksBuildPhase section */

/* Begin PBXGroup section */
		4980711A24F7B6BC001E76A0 = {
			isa = PBXGroup;
			children = (
				4980712524F7B6BC001E76A0 /* CustomLoginDemo */,
				4980712424F7B6BC001E76A0 /* Products */,
			);
			sourceTree = "<group>";
		};
		4980712424F7B6BC001E76A0 /* Products */ = {
			isa = PBXGroup;
			children = (
				4980712324F7B6BC001E76A0 /* CustomLoginDemo.app */,
			);
			name = Products;
			sourceTree = "<group>";
		};
		4980712524F7B6BC001E76A0 /* CustomLoginDemo */ = {
			isa = PBXGroup;
			children = (
				4980712624F7B6BC001E76A0 /* AppDelegate.swift */,
				4980712824F7B6BC001E76A0 /* SceneDelegate.swift */,
				4980712A24F7B6BC001E76A0 /* ViewController.swift */,
				4980712C24F7B6BC001E76A0 /* Main.storyboard */,
				4980712F24F7B6BD001E76A0 /* Assets.xcassets */,
				4980713124F7B6BD001E76A0 /* LaunchScreen.storyboard */,
				4980713424F7B6BD001E76A0 /* Info.plist */,
			);
			path = CustomLoginDemo;
			sourceTree = "<group>";
		};
/* End PBXGroup section */

/* Begin PBXNativeTarget section */
		4980712224F7B6BC001E76A0 /* CustomLoginDemo */ = {
			isa = PBXNativeTarget;
			buildConfigurationList = 4980713724F7B6BD001E76A0 /* Build configuration list for PBXNativeTarget "CustomLoginDemo" */;
			buildPhases = (
				4980711F24F7B6BC001E76A0 /* Sources */,
				4980712024F7B6BC001E76A0 /* Frameworks */,
				4980712124F7B6BC001E76A0 /* Resources */,
			);
			buildRules = (
			);
			dependencies = (
			);
			name = CustomLoginDemo;
			productName = CustomLoginDemo;
			productReference = 4980712324F7B6BC001E76A0 /* CustomLoginDemo.app */;
			productType = "com.apple.product-type.application";
		};
/* End PBXNativeTarget section */

/* Begin PBXProject section */
		4980711B24F7B6BC001E76A0 /* Project object */ = {
			isa = PBXProject;
			attributes = {
				LastSwiftUpdateCheck = 1160;
				LastUpgradeCheck = 1160;
				ORGANIZATIONNAME = "Mavis Lao";
				TargetAttributes = {
					4980712224F7B6BC001E76A0 = {
						CreatedOnToolsVersion = 11.6;
					};
				};
			};
			buildConfigurationList = 4980711E24F7B6BC001E76A0 /* Build configuration list for PBXProject "CustomLoginDemo" */;
			compatibilityVersion = "Xcode 9.3";
			developmentRegion = en;
			hasScannedForEncodings = 0;
			knownRegions = (
				en,
				Base,
			);
			mainGroup = 4980711A24F7B6BC001E76A0;
			productRefGroup = 4980712424F7B6BC001E76A0 /* Products */;
			projectDirPath = "";
			projectRoot = "";
			targets = (
				4980712224F7B6BC001E76A0 /* CustomLoginDemo */,
			);
		};
/* End PBXProject section */

/* Begin PBXResourcesBuildPhase section */
		4980712124F7B6BC001E76A0 /* Resources */ = {
			isa = PBXResourcesBuildPhase;
			buildActionMask = 2147483647;
			files = (
				4980713324F7B6BD001E76A0 /* LaunchScreen.storyboard in Resources */,
				4980713024F7B6BD001E76A0 /* Assets.xcassets in Resources */,
				4980712E24F7B6BC001E76A0 /* Main.storyboard in Resources */,
			);
			runOnlyForDeploymentPostprocessing = 0;
		};
/* End PBXResourcesBuildPhase section */

/* Begin PBXSourcesBuildPhase section */
		4980711F24F7B6BC001E76A0 /* Sources */ = {
			isa = PBXSourcesBuildPhase;
			buildActionMask = 2147483647;
			files = (
				4980712B24F7B6BC001E76A0 /* ViewController.swift in Sources */,
				4980712724F7B6BC001E76A0 /* AppDelegate.swift in Sources */,
				4980712924F7B6BC001E76A0 /* SceneDelegate.swift in Sources */,
			);
			runOnlyForDeploymentPostprocessing = 0;
		};
/* End PBXSourcesBuildPhase section */

/* Begin PBXVariantGroup section */
		4980712C24F7B6BC001E76A0 /* Main.storyboard */ = {
			isa = PBXVariantGroup;
			children = (
				4980712D24F7B6BC001E76A0 /* Base */,
			);
			name = Main.storyboard;
			sourceTree = "<group>";
		};
		4980713124F7B6BD001E76A0 /* LaunchScreen.storyboard */ = {
			isa = PBXVariantGroup;
			children = (
				4980713224F7B6BD001E76A0 /* Base */,
			);
			name = LaunchScreen.storyboard;
			sourceTree = "<group>";
		};
/* End PBXVariantGroup section */

/* Begin XCBuildConfiguration section */
		4980713524F7B6BD001E76A0 /* Debug */ = {
			isa = XCBuildConfiguration;
			buildSettings = {
				ALWAYS_SEARCH_USER_PATHS = NO;
				CLANG_ANALYZER_NONNULL = YES;
				CLANG_ANALYZER_NUMBER_OBJECT_CONVERSION = YES_AGGRESSIVE;
				CLANG_CXX_LANGUAGE_STANDARD = "gnu++14";
				CLANG_CXX_LIBRARY = "libc++";
				CLANG_ENABLE_MODULES = YES;
				CLANG_ENABLE_OBJC_ARC = YES;
				CLANG_ENABLE_OBJC_WEAK = YES;
				CLANG_WARN_BLOCK_CAPTURE_AUTORELEASING = YES;
				CLANG_WARN_BOOL_CONVERSION = YES;
				CLANG_WARN_COMMA = YES;
				CLANG_WARN_CONSTANT_CONVERSION = YES;
				CLANG_WARN_DEPRECATED_OBJC_IMPLEMENTATIONS = YES;
				CLANG_WARN_DIRECT_OBJC_ISA_USAGE = YES_ERROR;
				CLANG_WARN_DOCUMENTATION_COMMENTS = YES;
				CLANG_WARN_EMPTY_BODY = YES;
				CLANG_WARN_ENUM_CONVERSION = YES;
				CLANG_WARN_INFINITE_RECURSION = YES;
				CLANG_WARN_INT_CONVERSION = YES;
				CLANG_WARN_NON_LITERAL_NULL_CONVERSION = YES;
				CLANG_WARN_OBJC_IMPLICIT_RETAIN_SELF = YES;
				CLANG_WARN_OBJC_LITERAL_CONVERSION = YES;
				CLANG_WARN_OBJC_ROOT_CLASS = YES_ERROR;
				CLANG_WARN_RANGE_LOOP_ANALYSIS = YES;
				CLANG_WARN_STRICT_PROTOTYPES = YES;
				CLANG_WARN_SUSPICIOUS_MOVE = YES;
				CLANG_WARN_UNGUARDED_AVAILABILITY = YES_AGGRESSIVE;
				CLANG_WARN_UNREACHABLE_CODE = YES;
				CLANG_WARN__DUPLICATE_METHOD_MATCH = YES;
				COPY_PHASE_STRIP = NO;
				DEBUG_INFORMATION_FORMAT = dwarf;
				ENABLE_STRICT_OBJC_MSGSEND = YES;
				ENABLE_TESTABILITY = YES;
				GCC_C_LANGUAGE_STANDARD = gnu11;
				GCC_DYNAMIC_NO_PIC = NO;
				GCC_NO_COMMON_BLOCKS = YES;
				GCC_OPTIMIZATION_LEVEL = 0;
				GCC_PREPROCESSOR_DEFINITIONS = (
					"DEBUG=1",
					"$(inherited)",
				);
				GCC_WARN_64_TO_32_BIT_CONVERSION = YES;
				GCC_WARN_ABOUT_RETURN_TYPE = YES_ERROR;
				GCC_WARN_UNDECLARED_SELECTOR = YES;
				GCC_WARN_UNINITIALIZED_AUTOS = YES_AGGRESSIVE;
				GCC_WARN_UNUSED_FUNCTION = YES;
				GCC_WARN_UNUSED_VARIABLE = YES;
				IPHONEOS_DEPLOYMENT_TARGET = 13.6;
				MTL_ENABLE_DEBUG_INFO = INCLUDE_SOURCE;
				MTL_FAST_MATH = YES;
				ONLY_ACTIVE_ARCH = YES;
				SDKROOT = iphoneos;
				SWIFT_ACTIVE_COMPILATION_CONDITIONS = DEBUG;
				SWIFT_OPTIMIZATION_LEVEL = "-Onone";
			};
			name = Debug;
		};
		4980713624F7B6BD001E76A0 /* Release */ = {
			isa = XCBuildConfiguration;
			buildSettings = {
				ALWAYS_SEARCH_USER_PATHS = NO;
				CLANG_ANALYZER_NONNULL = YES;
				CLANG_ANALYZER_NUMBER_OBJECT_CONVERSION = YES_AGGRESSIVE;
				CLANG_CXX_LANGUAGE_STANDARD = "gnu++14";
				CLANG_CXX_LIBRARY = "libc++";
				CLANG_ENABLE_MODULES = YES;
				CLANG_ENABLE_OBJC_ARC = YES;
				CLANG_ENABLE_OBJC_WEAK = YES;
				CLANG_WARN_BLOCK_CAPTURE_AUTORELEASING = YES;
				CLANG_WARN_BOOL_CONVERSION = YES;
				CLANG_WARN_COMMA = YES;
				CLANG_WARN_CONSTANT_CONVERSION = YES;
				CLANG_WARN_DEPRECATED_OBJC_IMPLEMENTATIONS = YES;
				CLANG_WARN_DIRECT_OBJC_ISA_USAGE = YES_ERROR;
				CLANG_WARN_DOCUMENTATION_COMMENTS = YES;
				CLANG_WARN_EMPTY_BODY = YES;
				CLANG_WARN_ENUM_CONVERSION = YES;
				CLANG_WARN_INFINITE_RECURSION = YES;
				CLANG_WARN_INT_CONVERSION = YES;
				CLANG_WARN_NON_LITERAL_NULL_CONVERSION = YES;
				CLANG_WARN_OBJC_IMPLICIT_RETAIN_SELF = YES;
				CLANG_WARN_OBJC_LITERAL_CONVERSION = YES;
				CLANG_WARN_OBJC_ROOT_CLASS = YES_ERROR;
				CLANG_WARN_RANGE_LOOP_ANALYSIS = YES;
				CLANG_WARN_STRICT_PROTOTYPES = YES;
				CLANG_WARN_SUSPICIOUS_MOVE = YES;
				CLANG_WARN_UNGUARDED_AVAILABILITY = YES_AGGRESSIVE;
				CLANG_WARN_UNREACHABLE_CODE = YES;
				CLANG_WARN__DUPLICATE_METHOD_MATCH = YES;
				COPY_PHASE_STRIP = NO;
				DEBUG_INFORMATION_FORMAT = "dwarf-with-dsym";
				ENABLE_NS_ASSERTIONS = NO;
				ENABLE_STRICT_OBJC_MSGSEND = YES;
				GCC_C_LANGUAGE_STANDARD = gnu11;
				GCC_NO_COMMON_BLOCKS = YES;
				GCC_WARN_64_TO_32_BIT_CONVERSION = YES;
				GCC_WARN_ABOUT_RETURN_TYPE = YES_ERROR;
				GCC_WARN_UNDECLARED_SELECTOR = YES;
				GCC_WARN_UNINITIALIZED_AUTOS = YES_AGGRESSIVE;
				GCC_WARN_UNUSED_FUNCTION = YES;
				GCC_WARN_UNUSED_VARIABLE = YES;
				IPHONEOS_DEPLOYMENT_TARGET = 13.6;
				MTL_ENABLE_DEBUG_INFO = NO;
				MTL_FAST_MATH = YES;
				SDKROOT = iphoneos;
				SWIFT_COMPILATION_MODE = wholemodule;
				SWIFT_OPTIMIZATION_LEVEL = "-O";
				VALIDATE_PRODUCT = YES;
			};
			name = Release;
		};
		4980713824F7B6BD001E76A0 /* Debug */ = {
			isa = XCBuildConfiguration;
			buildSettings = {
				ASSETCATALOG_COMPILER_APPICON_NAME = AppIcon;
				CODE_SIGN_STYLE = Automatic;
				DEVELOPMENT_TEAM = SGRNRU34X6;
				INFOPLIST_FILE = CustomLoginDemo/Info.plist;
				LD_RUNPATH_SEARCH_PATHS = (
					"$(inherited)",
					"@executable_path/Frameworks",
				);
				PRODUCT_BUNDLE_IDENTIFIER = com.mavislao.CustomLoginDemo;
				PRODUCT_NAME = "$(TARGET_NAME)";
				SWIFT_VERSION = 5.0;
				TARGETED_DEVICE_FAMILY = "1,2";
			};
			name = Debug;
		};
		4980713924F7B6BD001E76A0 /* Release */ = {
			isa = XCBuildConfiguration;
			buildSettings = {
				ASSETCATALOG_COMPILER_APPICON_NAME = AppIcon;
				CODE_SIGN_STYLE = Automatic;
				DEVELOPMENT_TEAM = SGRNRU34X6;
				INFOPLIST_FILE = CustomLoginDemo/Info.plist;
				LD_RUNPATH_SEARCH_PATHS = (
					"$(inherited)",
					"@executable_path/Frameworks",
				);
				PRODUCT_BUNDLE_IDENTIFIER = com.mavislao.CustomLoginDemo;
				PRODUCT_NAME = "$(TARGET_NAME)";
				SWIFT_VERSION = 5.0;
				TARGETED_DEVICE_FAMILY = "1,2";
			};
			name = Release;
		};
/* End XCBuildConfiguration section */

/* Begin XCConfigurationList section */
		4980711E24F7B6BC001E76A0 /* Build configuration list for PBXProject "CustomLoginDemo" */ = {
			isa = XCConfigurationList;
			buildConfigurations = (
				4980713524F7B6BD001E76A0 /* Debug */,
				4980713624F7B6BD001E76A0 /* Release */,
			);
			defaultConfigurationIsVisible = 0;
			defaultConfigurationName = Release;
		};
		4980713724F7B6BD001E76A0 /* Build configuration list for PBXNativeTarget "CustomLoginDemo" */ = {
			isa = XCConfigurationList;
			buildConfigurations = (
				4980713824F7B6BD001E76A0 /* Debug */,
				4980713924F7B6BD001E76A0 /* Release */,
			);
			defaultConfigurationIsVisible = 0;
			defaultConfigurationName = Release;
		};
/* End XCConfigurationList section */
	};
	rootObject = 4980711B24F7B6BC001E76A0 /* Project object */;
}
